
Microsoft Visual Studio Solution File, Format Version 12.00
# Visual Studio Version 16
VisualStudioVersion = 16.0.29123.88
MinimumVisualStudioVersion = 10.0.40219.1
Project("{9A19103F-16F7-4668-BE54-9A1E7A4F7556}") = "CompletenessCheckFunction", "CompletenessCheckFunction\CompletenessCheckFunction.csproj", "{2B464627-D2FD-40DE-821D-BD70E38A7D12}"
EndProject
Project("{2150E333-8FDC-42A3-9474-1A3956D46DE8}") = "Solution Items", "Solution Items", "{D1B45A74-361A-45CB-BADE-69A5B31D9302}"
	ProjectSection(SolutionItems) = preProject
		.gitignore = .gitignore
		Scripts\aad-required-permissions-manifest.json = Scripts\aad-required-permissions-manifest.json
		azure-pipelines.yml = azure-pipelines.yml
		Scripts\createAppRegistration.sh = Scripts\createAppRegistration.sh
		NuGet.Config = NuGet.Config
	EndProjectSection
EndProject
Project("{9A19103F-16F7-4668-BE54-9A1E7A4F7556}") = "CompletenessCheckFunction.Tests", "CompletenessCheckFunction.tests\CompletenessCheckFunction.Tests.csproj", "{AB2697AC-C303-437E-A8AC-2FA52D696643}"
EndProject
Global
	GlobalSection(SolutionConfigurationPlatforms) = preSolution
		Debug|Any CPU = Debug|Any CPU
		Release|Any CPU = Release|Any CPU
	EndGlobalSection
	GlobalSection(ProjectConfigurationPlatforms) = postSolution
		{2B464627-D2FD-40DE-821D-BD70E38A7D12}.Debug|Any CPU.ActiveCfg = Debug|Any CPU
		{2B464627-D2FD-40DE-821D-BD70E38A7D12}.Debug|Any CPU.Build.0 = Debug|Any CPU
		{2B464627-D2FD-40DE-821D-BD70E38A7D12}.Release|Any CPU.ActiveCfg = Release|Any CPU
		{2B464627-D2FD-40DE-821D-BD70E38A7D12}.Release|Any CPU.Build.0 = Release|Any CPU
		{AB2697AC-C303-437E-A8AC-2FA52D696643}.Debug|Any CPU.ActiveCfg = Debug|Any CPU
		{AB2697AC-C303-437E-A8AC-2FA52D696643}.Debug|Any CPU.Build.0 = Debug|Any CPU
		{AB2697AC-C303-437E-A8AC-2FA52D696643}.Release|Any CPU.ActiveCfg = Release|Any CPU
		{AB2697AC-C303-437E-A8AC-2FA52D696643}.Release|Any CPU.Build.0 = Release|Any CPU
	EndGlobalSection
	GlobalSection(SolutionProperties) = preSolution
		HideSolutionNode = FALSE
	EndGlobalSection
	GlobalSection(ExtensibilityGlobals) = postSolution
		SolutionGuid = {51A83161-1F14-4596-B873-F9A6F26B1031}
	EndGlobalSection
EndGlobal
